
Microsoft Visual Studio Solution File, Format Version 12.00
# Visual Studio Version 16
VisualStudioVersion = 16.0.31402.337
MinimumVisualStudioVersion = 10.0.40219.1
Project("{FAE04EC0-301F-11D3-BF4B-00C04F79EFBC}") = "WorldCupWF", "WorldCupWF.csproj", "{418722A8-BB4B-46F3-B4DE-C24EE7FB9691}"
EndProject
Project("{FAE04EC0-301F-11D3-BF4B-00C04F79EFBC}") = "PodatkovniSloj", "..\PodatkovniSloj\PodatkovniSloj.csproj", "{D3FA914A-7244-4C8C-A25E-2FB64603F18F}"
EndProject
Project("{FAE04EC0-301F-11D3-BF4B-00C04F79EFBC}") = "WorldCupWPF", "..\WorldCupWPF\WorldCupWPF.csproj", "{4BD2A087-902F-49D6-ADCA-2EEA19C28E19}"
EndProject
Global
	GlobalSection(SolutionConfigurationPlatforms) = preSolution
		Debug|Any CPU = Debug|Any CPU
		Release|Any CPU = Release|Any CPU
	EndGlobalSection
	GlobalSection(ProjectConfigurationPlatforms) = postSolution
		{418722A8-BB4B-46F3-B4DE-C24EE7FB9691}.Debug|Any CPU.ActiveCfg = Debug|Any CPU
		{418722A8-BB4B-46F3-B4DE-C24EE7FB9691}.Debug|Any CPU.Build.0 = Debug|Any CPU
		{418722A8-BB4B-46F3-B4DE-C24EE7FB9691}.Release|Any CPU.ActiveCfg = Release|Any CPU
		{418722A8-BB4B-46F3-B4DE-C24EE7FB9691}.Release|Any CPU.Build.0 = Release|Any CPU
		{D3FA914A-7244-4C8C-A25E-2FB64603F18F}.Debug|Any CPU.ActiveCfg = Debug|Any CPU
		{D3FA914A-7244-4C8C-A25E-2FB64603F18F}.Debug|Any CPU.Build.0 = Debug|Any CPU
		{D3FA914A-7244-4C8C-A25E-2FB64603F18F}.Release|Any CPU.ActiveCfg = Release|Any CPU
		{D3FA914A-7244-4C8C-A25E-2FB64603F18F}.Release|Any CPU.Build.0 = Release|Any CPU
		{4BD2A087-902F-49D6-ADCA-2EEA19C28E19}.Debug|Any CPU.ActiveCfg = Debug|Any CPU
		{4BD2A087-902F-49D6-ADCA-2EEA19C28E19}.Debug|Any CPU.Build.0 = Debug|Any CPU
		{4BD2A087-902F-49D6-ADCA-2EEA19C28E19}.Release|Any CPU.ActiveCfg = Release|Any CPU
		{4BD2A087-902F-49D6-ADCA-2EEA19C28E19}.Release|Any CPU.Build.0 = Release|Any CPU
	EndGlobalSection
	GlobalSection(SolutionProperties) = preSolution
		HideSolutionNode = FALSE
	EndGlobalSection
	GlobalSection(ExtensibilityGlobals) = postSolution
		SolutionGuid = {BF760777-4CD4-4EBF-AA3E-0AB7194A9FFD}
	EndGlobalSection
EndGlobal
